// !$*UTF8*$!
{
	archiveVersion = 1;
	classes = {
	};
	objectVersion = 50;
	objects = {

/* Begin PBXBuildFile section */
		7615079A217693090065FA09 /* to apple and back.gpx in Resources */ = {isa = PBXBuildFile; fileRef = 76150799217693090065FA09 /* to apple and back.gpx */; };
		761AC4202197858300B9FD00 /* Swinject.framework in Frameworks */ = {isa = PBXBuildFile; fileRef = 761AC41E2197858300B9FD00 /* Swinject.framework */; };
		761AC4212197858300B9FD00 /* SwinjectStoryboard.framework in Frameworks */ = {isa = PBXBuildFile; fileRef = 761AC41F2197858300B9FD00 /* SwinjectStoryboard.framework */; };
		761AC423219786F700B9FD00 /* SwinjectStoryboard+Extension.swift in Sources */ = {isa = PBXBuildFile; fileRef = 761AC422219786F700B9FD00 /* SwinjectStoryboard+Extension.swift */; };
		761AC425219788A500B9FD00 /* SwinjectAutoregistration.framework in Frameworks */ = {isa = PBXBuildFile; fileRef = 761AC424219788A500B9FD00 /* SwinjectAutoregistration.framework */; };
		761AC4272197A32A00B9FD00 /* Location.swift in Sources */ = {isa = PBXBuildFile; fileRef = 761AC4262197A32A00B9FD00 /* Location.swift */; };
		761AC4292197AD8500B9FD00 /* FetchRequest.swift in Sources */ = {isa = PBXBuildFile; fileRef = 761AC4282197AD8500B9FD00 /* FetchRequest.swift */; };
		761D4B6821B57D62006C58E8 /* AuthEndPoint.swift in Sources */ = {isa = PBXBuildFile; fileRef = 761D4B6721B57D62006C58E8 /* AuthEndPoint.swift */; };
		7620B04B21AB5B160034BA65 /* SettingsTableViewController.swift in Sources */ = {isa = PBXBuildFile; fileRef = 7620B04A21AB5B160034BA65 /* SettingsTableViewController.swift */; };
		7620B04D21AC356C0034BA65 /* SettingsViewModel.swift in Sources */ = {isa = PBXBuildFile; fileRef = 7620B04C21AC356B0034BA65 /* SettingsViewModel.swift */; };
		7620B05021AC49C30034BA65 /* LinkSection.swift in Sources */ = {isa = PBXBuildFile; fileRef = 7620B04F21AC49C30034BA65 /* LinkSection.swift */; };
		7620B05221AC66CD0034BA65 /* MoreSection.swift in Sources */ = {isa = PBXBuildFile; fileRef = 7620B05121AC66CD0034BA65 /* MoreSection.swift */; };
		7620B05421AC9B250034BA65 /* SafariController.swift in Sources */ = {isa = PBXBuildFile; fileRef = 7620B05321AC9B250034BA65 /* SafariController.swift */; };
		7620B05621ACA0BE0034BA65 /* NavigationController.swift in Sources */ = {isa = PBXBuildFile; fileRef = 7620B05521ACA0BE0034BA65 /* NavigationController.swift */; };
		7620B05A21ACA8D70034BA65 /* SettingsView.swift in Sources */ = {isa = PBXBuildFile; fileRef = 7620B05921ACA8D70034BA65 /* SettingsView.swift */; };
		76264AE221764E8D0004624E /* AppDelegate.swift in Sources */ = {isa = PBXBuildFile; fileRef = 76264AE121764E8D0004624E /* AppDelegate.swift */; };
		76264AE421764E8D0004624E /* HighScoresViewController.swift in Sources */ = {isa = PBXBuildFile; fileRef = 76264AE321764E8D0004624E /* HighScoresViewController.swift */; };
		76264AE721764E8D0004624E /* Login.storyboard in Resources */ = {isa = PBXBuildFile; fileRef = 76264AE521764E8D0004624E /* Login.storyboard */; };
		76264AEA21764E8D0004624E /* challenge.xcdatamodeld in Sources */ = {isa = PBXBuildFile; fileRef = 76264AE821764E8D0004624E /* challenge.xcdatamodeld */; };
		76264AEC21764E910004624E /* Assets.xcassets in Resources */ = {isa = PBXBuildFile; fileRef = 76264AEB21764E910004624E /* Assets.xcassets */; };
		76264AEF21764E910004624E /* LaunchScreen.storyboard in Resources */ = {isa = PBXBuildFile; fileRef = 76264AED21764E910004624E /* LaunchScreen.storyboard */; };
		763BF1AA218B9734006A62A8 /* Utilities.swift in Sources */ = {isa = PBXBuildFile; fileRef = 763BF1A9218B9734006A62A8 /* Utilities.swift */; };
		763BF1AC218BA6F6006A62A8 /* MapDatasource.swift in Sources */ = {isa = PBXBuildFile; fileRef = 763BF1AB218BA6F6006A62A8 /* MapDatasource.swift */; };
		7644FDC82199D9D900E89FAF /* Map+CLLocationManagerDelegate.swift in Sources */ = {isa = PBXBuildFile; fileRef = 7644FDC72199D9D900E89FAF /* Map+CLLocationManagerDelegate.swift */; };
		7644FDCA2199DA9200E89FAF /* Map+MKMapViewDelegate.swift in Sources */ = {isa = PBXBuildFile; fileRef = 7644FDC92199DA9200E89FAF /* Map+MKMapViewDelegate.swift */; };
		7644FDCC2199E59100E89FAF /* Alamofire.framework in Frameworks */ = {isa = PBXBuildFile; fileRef = 7644FDCB2199E59100E89FAF /* Alamofire.framework */; };
		7644FDCF219A3BE700E89FAF /* NetworkError.swift in Sources */ = {isa = PBXBuildFile; fileRef = 7644FDCE219A3BE700E89FAF /* NetworkError.swift */; };
		7644FDD2219A3C7100E89FAF /* Int+HTTPStatusCode.swift in Sources */ = {isa = PBXBuildFile; fileRef = 7644FDD1219A3C7100E89FAF /* Int+HTTPStatusCode.swift */; };
		7644FDD4219A3FF500E89FAF /* NetworkClient.swift in Sources */ = {isa = PBXBuildFile; fileRef = 7644FDD3219A3FF500E89FAF /* NetworkClient.swift */; };
		7644FDD9219A479700E89FAF /* LocationEndPoint.swift in Sources */ = {isa = PBXBuildFile; fileRef = 7644FDD8219A479700E89FAF /* LocationEndPoint.swift */; };
		7644FDDD219A47FF00E89FAF /* EndPoint.swift in Sources */ = {isa = PBXBuildFile; fileRef = 7644FDDC219A47FF00E89FAF /* EndPoint.swift */; };
		7644FDDF219A49EC00E89FAF /* NetworkEnvironment.swift in Sources */ = {isa = PBXBuildFile; fileRef = 7644FDDE219A49EC00E89FAF /* NetworkEnvironment.swift */; };
		7644FDE1219AECB000E89FAF /* Manager.swift in Sources */ = {isa = PBXBuildFile; fileRef = 7644FDE0219AECB000E89FAF /* Manager.swift */; };
		7644FDE4219B131500E89FAF /* LocationAPI.swift in Sources */ = {isa = PBXBuildFile; fileRef = 7644FDE3219B131500E89FAF /* LocationAPI.swift */; };
		7644FDE6219B78D200E89FAF /* SandboxEndPoint.swift in Sources */ = {isa = PBXBuildFile; fileRef = 7644FDE5219B78D200E89FAF /* SandboxEndPoint.swift */; };
		7644FDE8219B78E100E89FAF /* SandboxAPI.swift in Sources */ = {isa = PBXBuildFile; fileRef = 7644FDE7219B78E100E89FAF /* SandboxAPI.swift */; };
		7644FDEA219B962C00E89FAF /* StatusEndPoint.swift in Sources */ = {isa = PBXBuildFile; fileRef = 7644FDE9219B962C00E89FAF /* StatusEndPoint.swift */; };
		7644FDEC219C64FB00E89FAF /* Unbox.framework in Frameworks */ = {isa = PBXBuildFile; fileRef = 7644FDEB219C64FA00E89FAF /* Unbox.framework */; };
		7644FDF0219CBADD00E89FAF /* ApiResult.swift in Sources */ = {isa = PBXBuildFile; fileRef = 7644FDEF219CBADD00E89FAF /* ApiResult.swift */; };
		7644FDF421A06FBC00E89FAF /* Default.swift in Sources */ = {isa = PBXBuildFile; fileRef = 7644FDF321A06FBC00E89FAF /* Default.swift */; };
		7651FE732187695200BA0205 /* Map.storyboard in Resources */ = {isa = PBXBuildFile; fileRef = 7651FE722187695200BA0205 /* Map.storyboard */; };
		7651FE752187704700BA0205 /* MapViewController.swift in Sources */ = {isa = PBXBuildFile; fileRef = 7651FE742187704700BA0205 /* MapViewController.swift */; };
		766059892188838F0060E4A8 /* LocationObject.swift in Sources */ = {isa = PBXBuildFile; fileRef = 766059882188838F0060E4A8 /* LocationObject.swift */; };
		7671F3A521B5715F00B1DF1C /* LoginViewController.swift in Sources */ = {isa = PBXBuildFile; fileRef = 7671F3A421B5715F00B1DF1C /* LoginViewController.swift */; };
		7671F3A721B5717900B1DF1C /* LoginView.swift in Sources */ = {isa = PBXBuildFile; fileRef = 7671F3A621B5717900B1DF1C /* LoginView.swift */; };
		768AB3F6219476D500FFCFD8 /* Realm.framework in Frameworks */ = {isa = PBXBuildFile; fileRef = 768AB3F4219476D500FFCFD8 /* Realm.framework */; };
		768AB3F7219476D500FFCFD8 /* RealmSwift.framework in Frameworks */ = {isa = PBXBuildFile; fileRef = 768AB3F5219476D500FFCFD8 /* RealmSwift.framework */; };
		768AB3FA2194D48E00FFCFD8 /* databaseManager.swift in Sources */ = {isa = PBXBuildFile; fileRef = 768AB3F92194D48E00FFCFD8 /* databaseManager.swift */; };
		76C00BA221AEE42B008122BC /* MapView.swift in Sources */ = {isa = PBXBuildFile; fileRef = 76C00BA121AEE42B008122BC /* MapView.swift */; };
		76C00BB721AFF13D008122BC /* Montserrat-Regular.otf in Resources */ = {isa = PBXBuildFile; fileRef = 76C00BB321AFF13D008122BC /* Montserrat-Regular.otf */; };
		76C00BB821AFF13D008122BC /* Montserrat-SemiBold.otf in Resources */ = {isa = PBXBuildFile; fileRef = 76C00BB421AFF13D008122BC /* Montserrat-SemiBold.otf */; };
		76C00BB921AFF13D008122BC /* Montserrat-Thin.otf in Resources */ = {isa = PBXBuildFile; fileRef = 76C00BB521AFF13D008122BC /* Montserrat-Thin.otf */; };
		76C00BBB21B009F5008122BC /* Montserrat-Light.otf in Resources */ = {isa = PBXBuildFile; fileRef = 76C00BBA21B009F5008122BC /* Montserrat-Light.otf */; };
		76D742AC21B6E0E90002D328 /* HighScores.storyboard in Resources */ = {isa = PBXBuildFile; fileRef = 76D742AB21B6E0E90002D328 /* HighScores.storyboard */; };
		76E700C921A2267200EBD555 /* TabBarViewController.swift in Sources */ = {isa = PBXBuildFile; fileRef = 76E700C821A2267100EBD555 /* TabBarViewController.swift */; };
/* End PBXBuildFile section */

/* Begin PBXBuildRule section */
		7651FE4D218765C000BA0205 /* PBXBuildRule */ = {
			isa = PBXBuildRule;
			compilerSpec = com.apple.compilers.proxy.script;
			fileType = sourcecode.yacc;
			isEditable = 1;
			outputFiles = (
			);
			script = "# $(YACC)\n";
		};
/* End PBXBuildRule section */

/* Begin PBXFileReference section */
		76150799217693090065FA09 /* to apple and back.gpx */ = {isa = PBXFileReference; lastKnownFileType = text.xml; path = "to apple and back.gpx"; sourceTree = "<group>"; };
		761AC41E2197858300B9FD00 /* Swinject.framework */ = {isa = PBXFileReference; lastKnownFileType = wrapper.framework; name = Swinject.framework; path = Carthage/Build/iOS/Swinject.framework; sourceTree = "<group>"; };
		761AC41F2197858300B9FD00 /* SwinjectStoryboard.framework */ = {isa = PBXFileReference; lastKnownFileType = wrapper.framework; name = SwinjectStoryboard.framework; path = Carthage/Build/iOS/SwinjectStoryboard.framework; sourceTree = "<group>"; };
		761AC422219786F700B9FD00 /* SwinjectStoryboard+Extension.swift */ = {isa = PBXFileReference; lastKnownFileType = sourcecode.swift; path = "SwinjectStoryboard+Extension.swift"; sourceTree = "<group>"; };
		761AC424219788A500B9FD00 /* SwinjectAutoregistration.framework */ = {isa = PBXFileReference; lastKnownFileType = wrapper.framework; name = SwinjectAutoregistration.framework; path = Carthage/Build/iOS/SwinjectAutoregistration.framework; sourceTree = "<group>"; };
		761AC4262197A32A00B9FD00 /* Location.swift */ = {isa = PBXFileReference; lastKnownFileType = sourcecode.swift; path = Location.swift; sourceTree = "<group>"; };
		761AC4282197AD8500B9FD00 /* FetchRequest.swift */ = {isa = PBXFileReference; lastKnownFileType = sourcecode.swift; path = FetchRequest.swift; sourceTree = "<group>"; };
		761D4B6721B57D62006C58E8 /* AuthEndPoint.swift */ = {isa = PBXFileReference; lastKnownFileType = sourcecode.swift; path = AuthEndPoint.swift; sourceTree = "<group>"; };
		7620B04A21AB5B160034BA65 /* SettingsTableViewController.swift */ = {isa = PBXFileReference; lastKnownFileType = sourcecode.swift; path = SettingsTableViewController.swift; sourceTree = "<group>"; };
		7620B04C21AC356B0034BA65 /* SettingsViewModel.swift */ = {isa = PBXFileReference; lastKnownFileType = sourcecode.swift; path = SettingsViewModel.swift; sourceTree = "<group>"; };
		7620B04F21AC49C30034BA65 /* LinkSection.swift */ = {isa = PBXFileReference; lastKnownFileType = sourcecode.swift; path = LinkSection.swift; sourceTree = "<group>"; };
		7620B05121AC66CD0034BA65 /* MoreSection.swift */ = {isa = PBXFileReference; lastKnownFileType = sourcecode.swift; path = MoreSection.swift; sourceTree = "<group>"; };
		7620B05321AC9B250034BA65 /* SafariController.swift */ = {isa = PBXFileReference; lastKnownFileType = sourcecode.swift; path = SafariController.swift; sourceTree = "<group>"; };
		7620B05521ACA0BE0034BA65 /* NavigationController.swift */ = {isa = PBXFileReference; lastKnownFileType = sourcecode.swift; path = NavigationController.swift; sourceTree = "<group>"; };
		7620B05921ACA8D70034BA65 /* SettingsView.swift */ = {isa = PBXFileReference; lastKnownFileType = sourcecode.swift; path = SettingsView.swift; sourceTree = "<group>"; };
		76264ADE21764E8D0004624E /* challenge.app */ = {isa = PBXFileReference; explicitFileType = wrapper.application; includeInIndex = 0; path = challenge.app; sourceTree = BUILT_PRODUCTS_DIR; };
		76264AE121764E8D0004624E /* AppDelegate.swift */ = {isa = PBXFileReference; lastKnownFileType = sourcecode.swift; path = AppDelegate.swift; sourceTree = "<group>"; };
		76264AE321764E8D0004624E /* HighScoresViewController.swift */ = {isa = PBXFileReference; lastKnownFileType = sourcecode.swift; path = HighScoresViewController.swift; sourceTree = "<group>"; };
		76264AE621764E8D0004624E /* Base */ = {isa = PBXFileReference; lastKnownFileType = file.storyboard; name = Base; path = Base.lproj/Login.storyboard; sourceTree = "<group>"; };
		76264AE921764E8D0004624E /* challenge.xcdatamodel */ = {isa = PBXFileReference; lastKnownFileType = wrapper.xcdatamodel; path = challenge.xcdatamodel; sourceTree = "<group>"; };
		76264AEB21764E910004624E /* Assets.xcassets */ = {isa = PBXFileReference; lastKnownFileType = folder.assetcatalog; path = Assets.xcassets; sourceTree = "<group>"; };
		76264AEE21764E910004624E /* Base */ = {isa = PBXFileReference; lastKnownFileType = file.storyboard; name = Base; path = Base.lproj/LaunchScreen.storyboard; sourceTree = "<group>"; };
		76264AF021764E910004624E /* Info.plist */ = {isa = PBXFileReference; lastKnownFileType = text.plist.xml; path = Info.plist; sourceTree = "<group>"; };
		763BF1A7218B4F2D006A62A8 /* MapKit.framework */ = {isa = PBXFileReference; lastKnownFileType = wrapper.framework; name = MapKit.framework; path = System/Library/Frameworks/MapKit.framework; sourceTree = SDKROOT; };
		763BF1A9218B9734006A62A8 /* Utilities.swift */ = {isa = PBXFileReference; lastKnownFileType = sourcecode.swift; path = Utilities.swift; sourceTree = "<group>"; };
		763BF1AB218BA6F6006A62A8 /* MapDatasource.swift */ = {isa = PBXFileReference; lastKnownFileType = sourcecode.swift; path = MapDatasource.swift; sourceTree = "<group>"; };
		7644FDC72199D9D900E89FAF /* Map+CLLocationManagerDelegate.swift */ = {isa = PBXFileReference; lastKnownFileType = sourcecode.swift; path = "Map+CLLocationManagerDelegate.swift"; sourceTree = "<group>"; };
		7644FDC92199DA9200E89FAF /* Map+MKMapViewDelegate.swift */ = {isa = PBXFileReference; lastKnownFileType = sourcecode.swift; path = "Map+MKMapViewDelegate.swift"; sourceTree = "<group>"; };
		7644FDCB2199E59100E89FAF /* Alamofire.framework */ = {isa = PBXFileReference; lastKnownFileType = wrapper.framework; name = Alamofire.framework; path = Carthage/Build/iOS/Alamofire.framework; sourceTree = "<group>"; };
		7644FDCE219A3BE700E89FAF /* NetworkError.swift */ = {isa = PBXFileReference; lastKnownFileType = sourcecode.swift; path = NetworkError.swift; sourceTree = "<group>"; };
		7644FDD1219A3C7100E89FAF /* Int+HTTPStatusCode.swift */ = {isa = PBXFileReference; lastKnownFileType = sourcecode.swift; path = "Int+HTTPStatusCode.swift"; sourceTree = "<group>"; };
		7644FDD3219A3FF500E89FAF /* NetworkClient.swift */ = {isa = PBXFileReference; lastKnownFileType = sourcecode.swift; path = NetworkClient.swift; sourceTree = "<group>"; };
		7644FDD8219A479700E89FAF /* LocationEndPoint.swift */ = {isa = PBXFileReference; lastKnownFileType = sourcecode.swift; path = LocationEndPoint.swift; sourceTree = "<group>"; };
		7644FDDC219A47FF00E89FAF /* EndPoint.swift */ = {isa = PBXFileReference; lastKnownFileType = sourcecode.swift; path = EndPoint.swift; sourceTree = "<group>"; };
		7644FDDE219A49EC00E89FAF /* NetworkEnvironment.swift */ = {isa = PBXFileReference; lastKnownFileType = sourcecode.swift; path = NetworkEnvironment.swift; sourceTree = "<group>"; };
		7644FDE0219AECB000E89FAF /* Manager.swift */ = {isa = PBXFileReference; lastKnownFileType = sourcecode.swift; path = Manager.swift; sourceTree = "<group>"; };
		7644FDE3219B131500E89FAF /* LocationAPI.swift */ = {isa = PBXFileReference; lastKnownFileType = sourcecode.swift; path = LocationAPI.swift; sourceTree = "<group>"; };
		7644FDE5219B78D200E89FAF /* SandboxEndPoint.swift */ = {isa = PBXFileReference; lastKnownFileType = sourcecode.swift; path = SandboxEndPoint.swift; sourceTree = "<group>"; };
		7644FDE7219B78E100E89FAF /* SandboxAPI.swift */ = {isa = PBXFileReference; lastKnownFileType = sourcecode.swift; path = SandboxAPI.swift; sourceTree = "<group>"; };
		7644FDE9219B962C00E89FAF /* StatusEndPoint.swift */ = {isa = PBXFileReference; lastKnownFileType = sourcecode.swift; path = StatusEndPoint.swift; sourceTree = "<group>"; };
		7644FDEB219C64FA00E89FAF /* Unbox.framework */ = {isa = PBXFileReference; lastKnownFileType = wrapper.framework; name = Unbox.framework; path = Carthage/Build/iOS/Unbox.framework; sourceTree = "<group>"; };
		7644FDEF219CBADD00E89FAF /* ApiResult.swift */ = {isa = PBXFileReference; lastKnownFileType = sourcecode.swift; path = ApiResult.swift; sourceTree = "<group>"; };
		7644FDF321A06FBC00E89FAF /* Default.swift */ = {isa = PBXFileReference; lastKnownFileType = sourcecode.swift; path = Default.swift; sourceTree = "<group>"; };
		7651FE722187695200BA0205 /* Map.storyboard */ = {isa = PBXFileReference; lastKnownFileType = file.storyboard; path = Map.storyboard; sourceTree = "<group>"; };
		7651FE742187704700BA0205 /* MapViewController.swift */ = {isa = PBXFileReference; lastKnownFileType = sourcecode.swift; path = MapViewController.swift; sourceTree = "<group>"; };
		766059882188838F0060E4A8 /* LocationObject.swift */ = {isa = PBXFileReference; lastKnownFileType = sourcecode.swift; path = LocationObject.swift; sourceTree = "<group>"; };
		7671F3A421B5715F00B1DF1C /* LoginViewController.swift */ = {isa = PBXFileReference; lastKnownFileType = sourcecode.swift; path = LoginViewController.swift; sourceTree = "<group>"; };
		7671F3A621B5717900B1DF1C /* LoginView.swift */ = {isa = PBXFileReference; lastKnownFileType = sourcecode.swift; path = LoginView.swift; sourceTree = "<group>"; };
		768AB3F4219476D500FFCFD8 /* Realm.framework */ = {isa = PBXFileReference; lastKnownFileType = wrapper.framework; name = Realm.framework; path = Carthage/Build/iOS/Realm.framework; sourceTree = "<group>"; };
		768AB3F5219476D500FFCFD8 /* RealmSwift.framework */ = {isa = PBXFileReference; lastKnownFileType = wrapper.framework; name = RealmSwift.framework; path = Carthage/Build/iOS/RealmSwift.framework; sourceTree = "<group>"; };
		768AB3F92194D48E00FFCFD8 /* databaseManager.swift */ = {isa = PBXFileReference; lastKnownFileType = sourcecode.swift; path = databaseManager.swift; sourceTree = "<group>"; };
		76C00BA121AEE42B008122BC /* MapView.swift */ = {isa = PBXFileReference; lastKnownFileType = sourcecode.swift; path = MapView.swift; sourceTree = "<group>"; };
		76C00BB321AFF13D008122BC /* Montserrat-Regular.otf */ = {isa = PBXFileReference; lastKnownFileType = file; path = "Montserrat-Regular.otf"; sourceTree = "<group>"; };
		76C00BB421AFF13D008122BC /* Montserrat-SemiBold.otf */ = {isa = PBXFileReference; lastKnownFileType = file; path = "Montserrat-SemiBold.otf"; sourceTree = "<group>"; };
		76C00BB521AFF13D008122BC /* Montserrat-Thin.otf */ = {isa = PBXFileReference; lastKnownFileType = file; path = "Montserrat-Thin.otf"; sourceTree = "<group>"; };
		76C00BBA21B009F5008122BC /* Montserrat-Light.otf */ = {isa = PBXFileReference; lastKnownFileType = file; path = "Montserrat-Light.otf"; sourceTree = "<group>"; };
		76D742AB21B6E0E90002D328 /* HighScores.storyboard */ = {isa = PBXFileReference; lastKnownFileType = file.storyboard; path = HighScores.storyboard; sourceTree = "<group>"; };
		76E700C821A2267100EBD555 /* TabBarViewController.swift */ = {isa = PBXFileReference; fileEncoding = 4; lastKnownFileType = sourcecode.swift; path = TabBarViewController.swift; sourceTree = "<group>"; };
/* End PBXFileReference section */

/* Begin PBXFrameworksBuildPhase section */
		76264ADB21764E8D0004624E /* Frameworks */ = {
			isa = PBXFrameworksBuildPhase;
			buildActionMask = 2147483647;
			files = (
				7644FDEC219C64FB00E89FAF /* Unbox.framework in Frameworks */,
				7644FDCC2199E59100E89FAF /* Alamofire.framework in Frameworks */,
				761AC425219788A500B9FD00 /* SwinjectAutoregistration.framework in Frameworks */,
				761AC4202197858300B9FD00 /* Swinject.framework in Frameworks */,
				761AC4212197858300B9FD00 /* SwinjectStoryboard.framework in Frameworks */,
				768AB3F6219476D500FFCFD8 /* Realm.framework in Frameworks */,
				768AB3F7219476D500FFCFD8 /* RealmSwift.framework in Frameworks */,
			);
			runOnlyForDeploymentPostprocessing = 0;
		};
/* End PBXFrameworksBuildPhase section */

/* Begin PBXGroup section */
		7620B04421AB5A0C0034BA65 /* Settings screen */ = {
			isa = PBXGroup;
			children = (
				7620B04921AB5B030034BA65 /* Controllers */,
				7620B04521AB5A190034BA65 /* ViewModels */,
				7620B04E21AC40CD0034BA65 /* Views */,
			);
			path = "Settings screen";
			sourceTree = "<group>";
		};
		7620B04521AB5A190034BA65 /* ViewModels */ = {
			isa = PBXGroup;
			children = (
				7620B04C21AC356B0034BA65 /* SettingsViewModel.swift */,
				7620B04F21AC49C30034BA65 /* LinkSection.swift */,
				7620B05121AC66CD0034BA65 /* MoreSection.swift */,
			);
			path = ViewModels;
			sourceTree = "<group>";
		};
		7620B04921AB5B030034BA65 /* Controllers */ = {
			isa = PBXGroup;
			children = (
				7620B04A21AB5B160034BA65 /* SettingsTableViewController.swift */,
			);
			path = Controllers;
			sourceTree = "<group>";
		};
		7620B04E21AC40CD0034BA65 /* Views */ = {
			isa = PBXGroup;
			children = (
				7620B05921ACA8D70034BA65 /* SettingsView.swift */,
			);
			path = Views;
			sourceTree = "<group>";
		};
		76264AD521764E8D0004624E = {
			isa = PBXGroup;
			children = (
				76264AE021764E8D0004624E /* challenge */,
				76264AF621764EC30004624E /* Frameworks */,
				76264ADF21764E8D0004624E /* Products */,
			);
			sourceTree = "<group>";
		};
		76264ADF21764E8D0004624E /* Products */ = {
			isa = PBXGroup;
			children = (
				76264ADE21764E8D0004624E /* challenge.app */,
			);
			name = Products;
			sourceTree = "<group>";
		};
		76264AE021764E8D0004624E /* challenge */ = {
			isa = PBXGroup;
			children = (
				76264AEB21764E910004624E /* Assets.xcassets */,
				76264AF021764E910004624E /* Info.plist */,
				7644FDC52198E08600E89FAF /* High scores screen */,
				7671F3A221B570FD00B1DF1C /* Login screen */,
				7651FE3C218760DF00BA0205 /* Map screen */,
				76D742AD21B6E3490002D328 /* Profile screen */,
				7620B04421AB5A0C0034BA65 /* Settings screen */,
				7651FE3B218760D300BA0205 /* Shared */,
			);
			path = challenge;
			sourceTree = "<group>";
		};
		76264AF621764EC30004624E /* Frameworks */ = {
			isa = PBXGroup;
			children = (
				7644FDEB219C64FA00E89FAF /* Unbox.framework */,
				7644FDCB2199E59100E89FAF /* Alamofire.framework */,
				761AC424219788A500B9FD00 /* SwinjectAutoregistration.framework */,
				761AC41E2197858300B9FD00 /* Swinject.framework */,
				761AC41F2197858300B9FD00 /* SwinjectStoryboard.framework */,
				768AB3F4219476D500FFCFD8 /* Realm.framework */,
				768AB3F5219476D500FFCFD8 /* RealmSwift.framework */,
				763BF1A7218B4F2D006A62A8 /* MapKit.framework */,
			);
			name = Frameworks;
			sourceTree = "<group>";
		};
		763804502195BD1D00DE7035 /* Data */ = {
			isa = PBXGroup;
			children = (
				763BF1AB218BA6F6006A62A8 /* MapDatasource.swift */,
			);
			path = Data;
			sourceTree = "<group>";
		};
		763BF1D22191D2C4006A62A8 /* Extensions */ = {
			isa = PBXGroup;
			children = (
				763BF1A9218B9734006A62A8 /* Utilities.swift */,
				761AC422219786F700B9FD00 /* SwinjectStoryboard+Extension.swift */,
				7644FDF321A06FBC00E89FAF /* Default.swift */,
			);
			path = Extensions;
			sourceTree = "<group>";
		};
		7644FDC52198E08600E89FAF /* High scores screen */ = {
			isa = PBXGroup;
			children = (
				7651FE442187638200BA0205 /* Controllers */,
				76D742AA21B6E07D0002D328 /* Views */,
			);
			path = "High scores screen";
			sourceTree = "<group>";
		};
		7644FDC62198E09500E89FAF /* Views */ = {
			isa = PBXGroup;
			children = (
				76264AE521764E8D0004624E /* Login.storyboard */,
				7671F3A621B5717900B1DF1C /* LoginView.swift */,
			);
			path = Views;
			sourceTree = "<group>";
		};
		7644FDCD219A3BCF00E89FAF /* Service */ = {
			isa = PBXGroup;
			children = (
				7644FDDE219A49EC00E89FAF /* NetworkEnvironment.swift */,
				7644FDD1219A3C7100E89FAF /* Int+HTTPStatusCode.swift */,
				7644FDCE219A3BE700E89FAF /* NetworkError.swift */,
				7644FDDC219A47FF00E89FAF /* EndPoint.swift */,
				7644FDE0219AECB000E89FAF /* Manager.swift */,
				7644FDEF219CBADD00E89FAF /* ApiResult.swift */,
			);
			path = Service;
			sourceTree = "<group>";
		};
		7644FDD7219A478800E89FAF /* EndPoint */ = {
			isa = PBXGroup;
			children = (
				7644FDD8219A479700E89FAF /* LocationEndPoint.swift */,
				7644FDE5219B78D200E89FAF /* SandboxEndPoint.swift */,
				7644FDE9219B962C00E89FAF /* StatusEndPoint.swift */,
				761D4B6721B57D62006C58E8 /* AuthEndPoint.swift */,
			);
			path = EndPoint;
			sourceTree = "<group>";
		};
		7644FDE2219B0D8100E89FAF /* Controllers */ = {
			isa = PBXGroup;
			children = (
				7644FDE3219B131500E89FAF /* LocationAPI.swift */,
				7644FDE7219B78E100E89FAF /* SandboxAPI.swift */,
			);
			path = Controllers;
			sourceTree = "<group>";
		};
		7651FE3A218760A800BA0205 /* Networking */ = {
			isa = PBXGroup;
			children = (
				7644FDE2219B0D8100E89FAF /* Controllers */,
				7644FDD7219A478800E89FAF /* EndPoint */,
				7644FDCD219A3BCF00E89FAF /* Service */,
				7644FDD3219A3FF500E89FAF /* NetworkClient.swift */,
			);
			path = Networking;
			sourceTree = "<group>";
		};
		7651FE3B218760D300BA0205 /* Shared */ = {
			isa = PBXGroup;
			children = (
				7651FE402187630600BA0205 /* AppDelegate */,
				76E700C521A225ED00EBD555 /* Controllers */,
				768AB3F82194D34200FFCFD8 /* Database */,
				763BF1D22191D2C4006A62A8 /* Extensions */,
				76C00BA321AFEF5C008122BC /* Fonts */,
				7651FE3A218760A800BA0205 /* Networking */,
				7651FE492187640600BA0205 /* Supporting Files */,
				7651FE50218766D200BA0205 /* Views */,
			);
			path = Shared;
			sourceTree = "<group>";
		};
		7651FE3C218760DF00BA0205 /* Map screen */ = {
			isa = PBXGroup;
			children = (
				7651FE432187636800BA0205 /* Controllers */,
				763804502195BD1D00DE7035 /* Data */,
				7651FE422187636700BA0205 /* Models */,
				7651FE412187636500BA0205 /* Views */,
			);
			path = "Map screen";
			sourceTree = "<group>";
		};
		7651FE402187630600BA0205 /* AppDelegate */ = {
			isa = PBXGroup;
			children = (
				76264AE121764E8D0004624E /* AppDelegate.swift */,
			);
			path = AppDelegate;
			sourceTree = "<group>";
		};
		7651FE412187636500BA0205 /* Views */ = {
			isa = PBXGroup;
			children = (
				7651FE722187695200BA0205 /* Map.storyboard */,
				7644FDC92199DA9200E89FAF /* Map+MKMapViewDelegate.swift */,
				76C00BA121AEE42B008122BC /* MapView.swift */,
			);
			path = Views;
			sourceTree = "<group>";
		};
		7651FE422187636700BA0205 /* Models */ = {
			isa = PBXGroup;
			children = (
				766059882188838F0060E4A8 /* LocationObject.swift */,
				761AC4262197A32A00B9FD00 /* Location.swift */,
			);
			path = Models;
			sourceTree = "<group>";
		};
		7651FE432187636800BA0205 /* Controllers */ = {
			isa = PBXGroup;
			children = (
				7644FDC72199D9D900E89FAF /* Map+CLLocationManagerDelegate.swift */,
				7651FE742187704700BA0205 /* MapViewController.swift */,
			);
			path = Controllers;
			sourceTree = "<group>";
		};
		7651FE442187638200BA0205 /* Controllers */ = {
			isa = PBXGroup;
			children = (
				76264AE321764E8D0004624E /* HighScoresViewController.swift */,
			);
			path = Controllers;
			sourceTree = "<group>";
		};
		7651FE492187640600BA0205 /* Supporting Files */ = {
			isa = PBXGroup;
			children = (
				76150799217693090065FA09 /* to apple and back.gpx */,
				76264AE821764E8D0004624E /* challenge.xcdatamodeld */,
			);
			path = "Supporting Files";
			sourceTree = "<group>";
		};
		7651FE50218766D200BA0205 /* Views */ = {
			isa = PBXGroup;
			children = (
				76264AED21764E910004624E /* LaunchScreen.storyboard */,
			);
			path = Views;
			sourceTree = "<group>";
		};
		7671F3A221B570FD00B1DF1C /* Login screen */ = {
			isa = PBXGroup;
			children = (
				7671F3A321B5712000B1DF1C /* Controllers */,
				7644FDC62198E09500E89FAF /* Views */,
			);
			path = "Login screen";
			sourceTree = "<group>";
		};
		7671F3A321B5712000B1DF1C /* Controllers */ = {
			isa = PBXGroup;
			children = (
				7671F3A421B5715F00B1DF1C /* LoginViewController.swift */,
			);
			path = Controllers;
			sourceTree = "<group>";
		};
		768AB3F82194D34200FFCFD8 /* Database */ = {
			isa = PBXGroup;
			children = (
				768AB3F92194D48E00FFCFD8 /* databaseManager.swift */,
				761AC4282197AD8500B9FD00 /* FetchRequest.swift */,
			);
			path = Database;
			sourceTree = "<group>";
		};
		76C00BA321AFEF5C008122BC /* Fonts */ = {
			isa = PBXGroup;
			children = (
				76C00BB321AFF13D008122BC /* Montserrat-Regular.otf */,
				76C00BBA21B009F5008122BC /* Montserrat-Light.otf */,
				76C00BB421AFF13D008122BC /* Montserrat-SemiBold.otf */,
				76C00BB521AFF13D008122BC /* Montserrat-Thin.otf */,
			);
			path = Fonts;
			sourceTree = "<group>";
		};
		76D742AA21B6E07D0002D328 /* Views */ = {
			isa = PBXGroup;
			children = (
				76D742AB21B6E0E90002D328 /* HighScores.storyboard */,
			);
			path = Views;
			sourceTree = "<group>";
		};
		76D742AD21B6E3490002D328 /* Profile screen */ = {
			isa = PBXGroup;
			children = (
				76D742AF21B6E41D0002D328 /* Controllers */,
				76D742AE21B6E4160002D328 /* Views */,
			);
			path = "Profile screen";
			sourceTree = "<group>";
		};
		76D742AE21B6E4160002D328 /* Views */ = {
			isa = PBXGroup;
			children = (
			);
			path = Views;
			sourceTree = "<group>";
		};
		76D742AF21B6E41D0002D328 /* Controllers */ = {
			isa = PBXGroup;
			children = (
			);
			path = Controllers;
			sourceTree = "<group>";
		};
		76E700C521A225ED00EBD555 /* Controllers */ = {
			isa = PBXGroup;
			children = (
				76E700C821A2267100EBD555 /* TabBarViewController.swift */,
				7620B05321AC9B250034BA65 /* SafariController.swift */,
				7620B05521ACA0BE0034BA65 /* NavigationController.swift */,
			);
			path = Controllers;
			sourceTree = "<group>";
		};
/* End PBXGroup section */

/* Begin PBXNativeTarget section */
		76264ADD21764E8D0004624E /* challenge */ = {
			isa = PBXNativeTarget;
			buildConfigurationList = 76264AF321764E910004624E /* Build configuration list for PBXNativeTarget "challenge" */;
			buildPhases = (
				76264ADA21764E8D0004624E /* Sources */,
				76264ADB21764E8D0004624E /* Frameworks */,
				76264ADC21764E8D0004624E /* Resources */,
				768AB3F32194756D00FFCFD8 /* Carthage */,
			);
			buildRules = (
				7651FE4D218765C000BA0205 /* PBXBuildRule */,
			);
			dependencies = (
			);
			name = challenge;
			productName = challenge;
			productReference = 76264ADE21764E8D0004624E /* challenge.app */;
			productType = "com.apple.product-type.application";
		};
/* End PBXNativeTarget section */

/* Begin PBXProject section */
		76264AD621764E8D0004624E /* Project object */ = {
			isa = PBXProject;
			attributes = {
				LastSwiftUpdateCheck = 1000;
				LastUpgradeCheck = 1000;
				ORGANIZATIONNAME = "Thành Đỗ Long";
				TargetAttributes = {
					76264ADD21764E8D0004624E = {
						CreatedOnToolsVersion = 10.0;
						SystemCapabilities = {
							com.apple.BackgroundModes = {
								enabled = 1;
							};
							com.apple.Maps.iOS = {
								enabled = 0;
							};
						};
					};
				};
			};
			buildConfigurationList = 76264AD921764E8D0004624E /* Build configuration list for PBXProject "challenge" */;
			compatibilityVersion = "Xcode 9.3";
			developmentRegion = en;
			hasScannedForEncodings = 0;
			knownRegions = (
				en,
				Base,
			);
			mainGroup = 76264AD521764E8D0004624E;
			productRefGroup = 76264ADF21764E8D0004624E /* Products */;
			projectDirPath = "";
			projectRoot = "";
			targets = (
				76264ADD21764E8D0004624E /* challenge */,
			);
		};
/* End PBXProject section */

/* Begin PBXResourcesBuildPhase section */
		76264ADC21764E8D0004624E /* Resources */ = {
			isa = PBXResourcesBuildPhase;
			buildActionMask = 2147483647;
			files = (
				76264AEF21764E910004624E /* LaunchScreen.storyboard in Resources */,
				76C00BB821AFF13D008122BC /* Montserrat-SemiBold.otf in Resources */,
				76264AEC21764E910004624E /* Assets.xcassets in Resources */,
				76D742AC21B6E0E90002D328 /* HighScores.storyboard in Resources */,
				7651FE732187695200BA0205 /* Map.storyboard in Resources */,
				76C00BB921AFF13D008122BC /* Montserrat-Thin.otf in Resources */,
				76C00BBB21B009F5008122BC /* Montserrat-Light.otf in Resources */,
				76264AE721764E8D0004624E /* Login.storyboard in Resources */,
				76C00BB721AFF13D008122BC /* Montserrat-Regular.otf in Resources */,
				7615079A217693090065FA09 /* to apple and back.gpx in Resources */,
			);
			runOnlyForDeploymentPostprocessing = 0;
		};
/* End PBXResourcesBuildPhase section */

/* Begin PBXShellScriptBuildPhase section */
		768AB3F32194756D00FFCFD8 /* Carthage */ = {
			isa = PBXShellScriptBuildPhase;
			buildActionMask = 2147483647;
			files = (
			);
			inputFileListPaths = (
			);
			inputPaths = (
				"$(SRCROOT)/Carthage/Build/iOS/Realm.framework",
				"$(SRCROOT)/Carthage/Build/iOS/RealmSwift.framework",
				"$(SRCROOT)/Carthage/Build/iOS/Swinject.framework",
				"$(SRCROOT)/Carthage/Build/iOS/SwinjectAutoregistration.framework",
				"$(SRCROOT)/Carthage/Build/iOS/SwinjectStoryboard.framework",
				"$(SRCROOT)/Carthage/Build/iOS/Alamofire.framework",
				"$(SRCROOT)/Carthage/Build/iOS/Unbox.framework",
			);
			name = Carthage;
			outputFileListPaths = (
			);
			outputPaths = (
			);
			runOnlyForDeploymentPostprocessing = 0;
			shellPath = /bin/sh;
			shellScript = "# Type a script or drag a script file from your workspace to insert its path.\n/usr/local/bin/carthage copy-frameworks\n";
		};
/* End PBXShellScriptBuildPhase section */

/* Begin PBXSourcesBuildPhase section */
		76264ADA21764E8D0004624E /* Sources */ = {
			isa = PBXSourcesBuildPhase;
			buildActionMask = 2147483647;
			files = (
				7671F3A521B5715F00B1DF1C /* LoginViewController.swift in Sources */,
				7644FDF421A06FBC00E89FAF /* Default.swift in Sources */,
				761AC4292197AD8500B9FD00 /* FetchRequest.swift in Sources */,
				7644FDCF219A3BE700E89FAF /* NetworkError.swift in Sources */,
				7644FDE6219B78D200E89FAF /* SandboxEndPoint.swift in Sources */,
				76E700C921A2267200EBD555 /* TabBarViewController.swift in Sources */,
				7620B05A21ACA8D70034BA65 /* SettingsView.swift in Sources */,
				768AB3FA2194D48E00FFCFD8 /* databaseManager.swift in Sources */,
				761AC4272197A32A00B9FD00 /* Location.swift in Sources */,
				7644FDD2219A3C7100E89FAF /* Int+HTTPStatusCode.swift in Sources */,
				7620B05221AC66CD0034BA65 /* MoreSection.swift in Sources */,
				763BF1AA218B9734006A62A8 /* Utilities.swift in Sources */,
				76C00BA221AEE42B008122BC /* MapView.swift in Sources */,
				7671F3A721B5717900B1DF1C /* LoginView.swift in Sources */,
				76264AE421764E8D0004624E /* HighScoresViewController.swift in Sources */,
				7644FDD4219A3FF500E89FAF /* NetworkClient.swift in Sources */,
				7644FDD9219A479700E89FAF /* LocationEndPoint.swift in Sources */,
				76264AEA21764E8D0004624E /* challenge.xcdatamodeld in Sources */,
				7644FDE8219B78E100E89FAF /* SandboxAPI.swift in Sources */,
				7644FDF0219CBADD00E89FAF /* ApiResult.swift in Sources */,
				7620B05021AC49C30034BA65 /* LinkSection.swift in Sources */,
				7644FDE4219B131500E89FAF /* LocationAPI.swift in Sources */,
				7620B04D21AC356C0034BA65 /* SettingsViewModel.swift in Sources */,
				7644FDDD219A47FF00E89FAF /* EndPoint.swift in Sources */,
				7644FDDF219A49EC00E89FAF /* NetworkEnvironment.swift in Sources */,
				7644FDE1219AECB000E89FAF /* Manager.swift in Sources */,
				7620B05621ACA0BE0034BA65 /* NavigationController.swift in Sources */,
				761AC423219786F700B9FD00 /* SwinjectStoryboard+Extension.swift in Sources */,
				7620B04B21AB5B160034BA65 /* SettingsTableViewController.swift in Sources */,
				766059892188838F0060E4A8 /* LocationObject.swift in Sources */,
				76264AE221764E8D0004624E /* AppDelegate.swift in Sources */,
				7651FE752187704700BA0205 /* MapViewController.swift in Sources */,
				761D4B6821B57D62006C58E8 /* AuthEndPoint.swift in Sources */,
				7644FDEA219B962C00E89FAF /* StatusEndPoint.swift in Sources */,
				763BF1AC218BA6F6006A62A8 /* MapDatasource.swift in Sources */,
				7620B05421AC9B250034BA65 /* SafariController.swift in Sources */,
				7644FDCA2199DA9200E89FAF /* Map+MKMapViewDelegate.swift in Sources */,
				7644FDC82199D9D900E89FAF /* Map+CLLocationManagerDelegate.swift in Sources */,
			);
			runOnlyForDeploymentPostprocessing = 0;
		};
/* End PBXSourcesBuildPhase section */

/* Begin PBXVariantGroup section */
		76264AE521764E8D0004624E /* Login.storyboard */ = {
			isa = PBXVariantGroup;
			children = (
				76264AE621764E8D0004624E /* Base */,
			);
			name = Login.storyboard;
			sourceTree = "<group>";
		};
		76264AED21764E910004624E /* LaunchScreen.storyboard */ = {
			isa = PBXVariantGroup;
			children = (
				76264AEE21764E910004624E /* Base */,
			);
			name = LaunchScreen.storyboard;
			sourceTree = "<group>";
		};
/* End PBXVariantGroup section */

/* Begin XCBuildConfiguration section */
		76264AF121764E910004624E /* Debug */ = {
			isa = XCBuildConfiguration;
			buildSettings = {
				ALWAYS_SEARCH_USER_PATHS = NO;
				CLANG_ANALYZER_NONNULL = YES;
				CLANG_ANALYZER_NUMBER_OBJECT_CONVERSION = YES_AGGRESSIVE;
				CLANG_CXX_LANGUAGE_STANDARD = "gnu++14";
				CLANG_CXX_LIBRARY = "libc++";
				CLANG_ENABLE_MODULES = YES;
				CLANG_ENABLE_OBJC_ARC = YES;
				CLANG_ENABLE_OBJC_WEAK = YES;
				CLANG_WARN_BLOCK_CAPTURE_AUTORELEASING = YES;
				CLANG_WARN_BOOL_CONVERSION = YES;
				CLANG_WARN_COMMA = YES;
				CLANG_WARN_CONSTANT_CONVERSION = YES;
				CLANG_WARN_DEPRECATED_OBJC_IMPLEMENTATIONS = YES;
				CLANG_WARN_DIRECT_OBJC_ISA_USAGE = YES_ERROR;
				CLANG_WARN_DOCUMENTATION_COMMENTS = YES;
				CLANG_WARN_EMPTY_BODY = YES;
				CLANG_WARN_ENUM_CONVERSION = YES;
				CLANG_WARN_INFINITE_RECURSION = YES;
				CLANG_WARN_INT_CONVERSION = YES;
				CLANG_WARN_NON_LITERAL_NULL_CONVERSION = YES;
				CLANG_WARN_OBJC_IMPLICIT_RETAIN_SELF = YES;
				CLANG_WARN_OBJC_LITERAL_CONVERSION = YES;
				CLANG_WARN_OBJC_ROOT_CLASS = YES_ERROR;
				CLANG_WARN_RANGE_LOOP_ANALYSIS = YES;
				CLANG_WARN_STRICT_PROTOTYPES = YES;
				CLANG_WARN_SUSPICIOUS_MOVE = YES;
				CLANG_WARN_UNGUARDED_AVAILABILITY = YES_AGGRESSIVE;
				CLANG_WARN_UNREACHABLE_CODE = YES;
				CLANG_WARN__DUPLICATE_METHOD_MATCH = YES;
				CODE_SIGN_IDENTITY = "iPhone Developer";
				COPY_PHASE_STRIP = NO;
				DEBUG_INFORMATION_FORMAT = dwarf;
				ENABLE_STRICT_OBJC_MSGSEND = YES;
				ENABLE_TESTABILITY = YES;
				GCC_C_LANGUAGE_STANDARD = gnu11;
				GCC_DYNAMIC_NO_PIC = NO;
				GCC_NO_COMMON_BLOCKS = YES;
				GCC_OPTIMIZATION_LEVEL = 0;
				GCC_PREPROCESSOR_DEFINITIONS = (
					"DEBUG=1",
					"$(inherited)",
				);
				GCC_WARN_64_TO_32_BIT_CONVERSION = YES;
				GCC_WARN_ABOUT_RETURN_TYPE = YES_ERROR;
				GCC_WARN_UNDECLARED_SELECTOR = YES;
				GCC_WARN_UNINITIALIZED_AUTOS = YES_AGGRESSIVE;
				GCC_WARN_UNUSED_FUNCTION = YES;
				GCC_WARN_UNUSED_VARIABLE = YES;
				IPHONEOS_DEPLOYMENT_TARGET = 12.0;
				MTL_ENABLE_DEBUG_INFO = INCLUDE_SOURCE;
				MTL_FAST_MATH = YES;
				ONLY_ACTIVE_ARCH = YES;
				SDKROOT = iphoneos;
				SWIFT_ACTIVE_COMPILATION_CONDITIONS = DEBUG;
				SWIFT_OPTIMIZATION_LEVEL = "-Onone";
			};
			name = Debug;
		};
		76264AF221764E910004624E /* Release */ = {
			isa = XCBuildConfiguration;
			buildSettings = {
				ALWAYS_SEARCH_USER_PATHS = NO;
				CLANG_ANALYZER_NONNULL = YES;
				CLANG_ANALYZER_NUMBER_OBJECT_CONVERSION = YES_AGGRESSIVE;
				CLANG_CXX_LANGUAGE_STANDARD = "gnu++14";
				CLANG_CXX_LIBRARY = "libc++";
				CLANG_ENABLE_MODULES = YES;
				CLANG_ENABLE_OBJC_ARC = YES;
				CLANG_ENABLE_OBJC_WEAK = YES;
				CLANG_WARN_BLOCK_CAPTURE_AUTORELEASING = YES;
				CLANG_WARN_BOOL_CONVERSION = YES;
				CLANG_WARN_COMMA = YES;
				CLANG_WARN_CONSTANT_CONVERSION = YES;
				CLANG_WARN_DEPRECATED_OBJC_IMPLEMENTATIONS = YES;
				CLANG_WARN_DIRECT_OBJC_ISA_USAGE = YES_ERROR;
				CLANG_WARN_DOCUMENTATION_COMMENTS = YES;
				CLANG_WARN_EMPTY_BODY = YES;
				CLANG_WARN_ENUM_CONVERSION = YES;
				CLANG_WARN_INFINITE_RECURSION = YES;
				CLANG_WARN_INT_CONVERSION = YES;
				CLANG_WARN_NON_LITERAL_NULL_CONVERSION = YES;
				CLANG_WARN_OBJC_IMPLICIT_RETAIN_SELF = YES;
				CLANG_WARN_OBJC_LITERAL_CONVERSION = YES;
				CLANG_WARN_OBJC_ROOT_CLASS = YES_ERROR;
				CLANG_WARN_RANGE_LOOP_ANALYSIS = YES;
				CLANG_WARN_STRICT_PROTOTYPES = YES;
				CLANG_WARN_SUSPICIOUS_MOVE = YES;
				CLANG_WARN_UNGUARDED_AVAILABILITY = YES_AGGRESSIVE;
				CLANG_WARN_UNREACHABLE_CODE = YES;
				CLANG_WARN__DUPLICATE_METHOD_MATCH = YES;
				CODE_SIGN_IDENTITY = "iPhone Developer";
				COPY_PHASE_STRIP = NO;
				DEBUG_INFORMATION_FORMAT = "dwarf-with-dsym";
				ENABLE_NS_ASSERTIONS = NO;
				ENABLE_STRICT_OBJC_MSGSEND = YES;
				GCC_C_LANGUAGE_STANDARD = gnu11;
				GCC_NO_COMMON_BLOCKS = YES;
				GCC_WARN_64_TO_32_BIT_CONVERSION = YES;
				GCC_WARN_ABOUT_RETURN_TYPE = YES_ERROR;
				GCC_WARN_UNDECLARED_SELECTOR = YES;
				GCC_WARN_UNINITIALIZED_AUTOS = YES_AGGRESSIVE;
				GCC_WARN_UNUSED_FUNCTION = YES;
				GCC_WARN_UNUSED_VARIABLE = YES;
				IPHONEOS_DEPLOYMENT_TARGET = 12.0;
				MTL_ENABLE_DEBUG_INFO = NO;
				MTL_FAST_MATH = YES;
				SDKROOT = iphoneos;
				SWIFT_COMPILATION_MODE = wholemodule;
				SWIFT_OPTIMIZATION_LEVEL = "-O";
				VALIDATE_PRODUCT = YES;
			};
			name = Release;
		};
		76264AF421764E910004624E /* Debug */ = {
			isa = XCBuildConfiguration;
			buildSettings = {
				ASSETCATALOG_COMPILER_APPICON_NAME = AppIcon;
				CODE_SIGN_STYLE = Automatic;
				DEVELOPMENT_TEAM = KW278547Y4;
				FRAMEWORK_SEARCH_PATHS = (
					"$(inherited)",
					"$(PROJECT_DIR)/Carthage/Build/iOS",
				);
				INFOPLIST_FILE = challenge/Info.plist;
				LD_RUNPATH_SEARCH_PATHS = (
					"$(inherited)",
					"@executable_path/Frameworks",
				);
				PRODUCT_BUNDLE_IDENTIFIER = xdolon00.challenge;
				PRODUCT_NAME = "$(TARGET_NAME)";
				SWIFT_VERSION = 4.2;
				TARGETED_DEVICE_FAMILY = "1,2";
			};
			name = Debug;
		};
		76264AF521764E910004624E /* Release */ = {
			isa = XCBuildConfiguration;
			buildSettings = {
				ASSETCATALOG_COMPILER_APPICON_NAME = AppIcon;
				CODE_SIGN_STYLE = Automatic;
				DEVELOPMENT_TEAM = KW278547Y4;
				FRAMEWORK_SEARCH_PATHS = (
					"$(inherited)",
					"$(PROJECT_DIR)/Carthage/Build/iOS",
				);
				INFOPLIST_FILE = challenge/Info.plist;
				LD_RUNPATH_SEARCH_PATHS = (
					"$(inherited)",
					"@executable_path/Frameworks",
				);
				PRODUCT_BUNDLE_IDENTIFIER = xdolon00.challenge;
				PRODUCT_NAME = "$(TARGET_NAME)";
				SWIFT_VERSION = 4.2;
				TARGETED_DEVICE_FAMILY = "1,2";
			};
			name = Release;
		};
/* End XCBuildConfiguration section */

/* Begin XCConfigurationList section */
		76264AD921764E8D0004624E /* Build configuration list for PBXProject "challenge" */ = {
			isa = XCConfigurationList;
			buildConfigurations = (
				76264AF121764E910004624E /* Debug */,
				76264AF221764E910004624E /* Release */,
			);
			defaultConfigurationIsVisible = 0;
			defaultConfigurationName = Release;
		};
		76264AF321764E910004624E /* Build configuration list for PBXNativeTarget "challenge" */ = {
			isa = XCConfigurationList;
			buildConfigurations = (
				76264AF421764E910004624E /* Debug */,
				76264AF521764E910004624E /* Release */,
			);
			defaultConfigurationIsVisible = 0;
			defaultConfigurationName = Release;
		};
/* End XCConfigurationList section */

/* Begin XCVersionGroup section */
		76264AE821764E8D0004624E /* challenge.xcdatamodeld */ = {
			isa = XCVersionGroup;
			children = (
				76264AE921764E8D0004624E /* challenge.xcdatamodel */,
			);
			currentVersion = 76264AE921764E8D0004624E /* challenge.xcdatamodel */;
			path = challenge.xcdatamodeld;
			sourceTree = "<group>";
			versionGroupType = wrapper.xcdatamodel;
		};
/* End XCVersionGroup section */
	};
	rootObject = 76264AD621764E8D0004624E /* Project object */;
}
